
Microsoft Visual Studio Solution File, Format Version 12.00
# Visual Studio Version 17
VisualStudioVersion = 17.0.31903.59
MinimumVisualStudioVersion = 10.0.40219.1
Project("{FAE04EC0-301F-11D3-BF4B-00C04F79EFBC}") = "MyDbApp", "MyDbApp\MyDbApp.csproj", "{094E3968-4346-469D-A18F-494C5D139A35}"
	ProjectSection(ProjectDependencies) = postProject
		{2737603D-6EA6-47BF-BCA8-22F800432B8C} = {2737603D-6EA6-47BF-BCA8-22F800432B8C}
		{57D678B9-EEE0-4F07-9F6B-9EF16890182C} = {57D678B9-EEE0-4F07-9F6B-9EF16890182C}
	EndProjectSection
EndProject
Project("{FAE04EC0-301F-11D3-BF4B-00C04F79EFBC}") = "MyDbApp.Database", "MyDbApp.Database\MyDbApp.Database.csproj", "{57D678B9-EEE0-4F07-9F6B-9EF16890182C}"
EndProject
Project("{FAE04EC0-301F-11D3-BF4B-00C04F79EFBC}") = "MyDbApp.Domain", "MyDbApp.Domain\MyDbApp.Domain.csproj", "{2737603D-6EA6-47BF-BCA8-22F800432B8C}"
EndProject
Global
	GlobalSection(SolutionConfigurationPlatforms) = preSolution
		Debug|Any CPU = Debug|Any CPU
		Release|Any CPU = Release|Any CPU
	EndGlobalSection
	GlobalSection(ProjectConfigurationPlatforms) = postSolution
		{094E3968-4346-469D-A18F-494C5D139A35}.Debug|Any CPU.ActiveCfg = Debug|Any CPU
		{094E3968-4346-469D-A18F-494C5D139A35}.Debug|Any CPU.Build.0 = Debug|Any CPU
		{094E3968-4346-469D-A18F-494C5D139A35}.Release|Any CPU.ActiveCfg = Release|Any CPU
		{094E3968-4346-469D-A18F-494C5D139A35}.Release|Any CPU.Build.0 = Release|Any CPU
		{57D678B9-EEE0-4F07-9F6B-9EF16890182C}.Debug|Any CPU.ActiveCfg = Debug|Any CPU
		{57D678B9-EEE0-4F07-9F6B-9EF16890182C}.Debug|Any CPU.Build.0 = Debug|Any CPU
		{57D678B9-EEE0-4F07-9F6B-9EF16890182C}.Release|Any CPU.ActiveCfg = Release|Any CPU
		{57D678B9-EEE0-4F07-9F6B-9EF16890182C}.Release|Any CPU.Build.0 = Release|Any CPU
		{2737603D-6EA6-47BF-BCA8-22F800432B8C}.Debug|Any CPU.ActiveCfg = Debug|Any CPU
		{2737603D-6EA6-47BF-BCA8-22F800432B8C}.Debug|Any CPU.Build.0 = Debug|Any CPU
		{2737603D-6EA6-47BF-BCA8-22F800432B8C}.Release|Any CPU.ActiveCfg = Release|Any CPU
		{2737603D-6EA6-47BF-BCA8-22F800432B8C}.Release|Any CPU.Build.0 = Release|Any CPU
	EndGlobalSection
	GlobalSection(SolutionProperties) = preSolution
		HideSolutionNode = FALSE
	EndGlobalSection
	GlobalSection(ExtensibilityGlobals) = postSolution
		SolutionGuid = {EDDB8FA0-6395-4C2E-831C-88F08BBA79A2}
	EndGlobalSection
EndGlobal
